
Microsoft Visual Studio Solution File, Format Version 12.00
# Visual Studio Version 16
VisualStudioVersion = 16.0.29911.84
MinimumVisualStudioVersion = 10.0.40219.1
Project("{9A19103F-16F7-4668-BE54-9A1E7A4F7556}") = "SpacePark", "SpacePark\SpacePark.csproj", "{550378CA-10E0-4CCC-93EA-DB4939DBFFDE}"
EndProject
Project("{9A19103F-16F7-4668-BE54-9A1E7A4F7556}") = "SpacePark_Tests", "..\..\SpacePark_Tests\SpacePark_Tests.csproj", "{5092403A-F26A-4555-B35B-35A2C97F4A36}"
EndProject
Project("{9A19103F-16F7-4668-BE54-9A1E7A4F7556}") = "SpaceParkWeb", "SpaceParkWeb\SpaceParkWeb.csproj", "{FD1EE212-19CA-4E87-9AB6-180FE6AD11D0}"
EndProject
Global
	GlobalSection(SolutionConfigurationPlatforms) = preSolution
		Debug|Any CPU = Debug|Any CPU
		Release|Any CPU = Release|Any CPU
	EndGlobalSection
	GlobalSection(ProjectConfigurationPlatforms) = postSolution
		{550378CA-10E0-4CCC-93EA-DB4939DBFFDE}.Debug|Any CPU.ActiveCfg = Debug|Any CPU
		{550378CA-10E0-4CCC-93EA-DB4939DBFFDE}.Debug|Any CPU.Build.0 = Debug|Any CPU
		{550378CA-10E0-4CCC-93EA-DB4939DBFFDE}.Release|Any CPU.ActiveCfg = Release|Any CPU
		{550378CA-10E0-4CCC-93EA-DB4939DBFFDE}.Release|Any CPU.Build.0 = Release|Any CPU
		{5092403A-F26A-4555-B35B-35A2C97F4A36}.Debug|Any CPU.ActiveCfg = Debug|Any CPU
		{5092403A-F26A-4555-B35B-35A2C97F4A36}.Debug|Any CPU.Build.0 = Debug|Any CPU
		{5092403A-F26A-4555-B35B-35A2C97F4A36}.Release|Any CPU.ActiveCfg = Release|Any CPU
		{5092403A-F26A-4555-B35B-35A2C97F4A36}.Release|Any CPU.Build.0 = Release|Any CPU
		{FD1EE212-19CA-4E87-9AB6-180FE6AD11D0}.Debug|Any CPU.ActiveCfg = Debug|Any CPU
		{FD1EE212-19CA-4E87-9AB6-180FE6AD11D0}.Debug|Any CPU.Build.0 = Debug|Any CPU
		{FD1EE212-19CA-4E87-9AB6-180FE6AD11D0}.Release|Any CPU.ActiveCfg = Release|Any CPU
		{FD1EE212-19CA-4E87-9AB6-180FE6AD11D0}.Release|Any CPU.Build.0 = Release|Any CPU
	EndGlobalSection
	GlobalSection(SolutionProperties) = preSolution
		HideSolutionNode = FALSE
	EndGlobalSection
	GlobalSection(ExtensibilityGlobals) = postSolution
		SolutionGuid = {020FD027-245C-498A-9D67-13934C18D2D7}
	EndGlobalSection
EndGlobal
